
Microsoft Visual Studio Solution File, Format Version 12.00
# Visual Studio Version 16
VisualStudioVersion = 16.0.29709.97
MinimumVisualStudioVersion = 10.0.40219.1
Project("{FAE04EC0-301F-11D3-BF4B-00C04F79EFBC}") = "SOF_App.UWP", "SOF_App\SOF_App.UWP\SOF_App.UWP.csproj", "{F6F5B28E-CD4B-4497-A071-61B99CFCE08C}"
EndProject
Project("{FAE04EC0-301F-11D3-BF4B-00C04F79EFBC}") = "SOF_App.Android", "SOF_App\SOF_App.Android\SOF_App.Android.csproj", "{1FA16BB7-B209-4346-AE8B-4AFC3A92C8F4}"
EndProject
Project("{FAE04EC0-301F-11D3-BF4B-00C04F79EFBC}") = "SOF_App.iOS", "SOF_App\SOF_App.iOS\SOF_App.iOS.csproj", "{470D1577-3C9C-4672-8C17-85CC20777634}"
EndProject
Project("{9A19103F-16F7-4668-BE54-9A1E7A4F7556}") = "SOF_App", "SOF_App\SOF_App\SOF_App.csproj", "{490B7D94-A746-4511-AAAE-6D5D479E13B3}"
EndProject
Global
	GlobalSection(SolutionConfigurationPlatforms) = preSolution
		Debug|Any CPU = Debug|Any CPU
		Debug|ARM = Debug|ARM
		Debug|iPhone = Debug|iPhone
		Debug|iPhoneSimulator = Debug|iPhoneSimulator
		Debug|x64 = Debug|x64
		Debug|x86 = Debug|x86
		Release|Any CPU = Release|Any CPU
		Release|ARM = Release|ARM
		Release|iPhone = Release|iPhone
		Release|iPhoneSimulator = Release|iPhoneSimulator
		Release|x64 = Release|x64
		Release|x86 = Release|x86
	EndGlobalSection
	GlobalSection(ProjectConfigurationPlatforms) = postSolution
		{F6F5B28E-CD4B-4497-A071-61B99CFCE08C}.Debug|Any CPU.ActiveCfg = Debug|x86
		{F6F5B28E-CD4B-4497-A071-61B99CFCE08C}.Debug|Any CPU.Build.0 = Debug|x86
		{F6F5B28E-CD4B-4497-A071-61B99CFCE08C}.Debug|Any CPU.Deploy.0 = Debug|x86
		{F6F5B28E-CD4B-4497-A071-61B99CFCE08C}.Debug|ARM.ActiveCfg = Debug|ARM
		{F6F5B28E-CD4B-4497-A071-61B99CFCE08C}.Debug|ARM.Build.0 = Debug|ARM
		{F6F5B28E-CD4B-4497-A071-61B99CFCE08C}.Debug|ARM.Deploy.0 = Debug|ARM
		{F6F5B28E-CD4B-4497-A071-61B99CFCE08C}.Debug|iPhone.ActiveCfg = Debug|x86
		{F6F5B28E-CD4B-4497-A071-61B99CFCE08C}.Debug|iPhone.Build.0 = Debug|x86
		{F6F5B28E-CD4B-4497-A071-61B99CFCE08C}.Debug|iPhone.Deploy.0 = Debug|x86
		{F6F5B28E-CD4B-4497-A071-61B99CFCE08C}.Debug|iPhoneSimulator.ActiveCfg = Debug|x86
		{F6F5B28E-CD4B-4497-A071-61B99CFCE08C}.Debug|iPhoneSimulator.Build.0 = Debug|x86
		{F6F5B28E-CD4B-4497-A071-61B99CFCE08C}.Debug|iPhoneSimulator.Deploy.0 = Debug|x86
		{F6F5B28E-CD4B-4497-A071-61B99CFCE08C}.Debug|x64.ActiveCfg = Debug|x64
		{F6F5B28E-CD4B-4497-A071-61B99CFCE08C}.Debug|x64.Build.0 = Debug|x64
		{F6F5B28E-CD4B-4497-A071-61B99CFCE08C}.Debug|x64.Deploy.0 = Debug|x64
		{F6F5B28E-CD4B-4497-A071-61B99CFCE08C}.Debug|x86.ActiveCfg = Debug|x86
		{F6F5B28E-CD4B-4497-A071-61B99CFCE08C}.Debug|x86.Build.0 = Debug|x86
		{F6F5B28E-CD4B-4497-A071-61B99CFCE08C}.Debug|x86.Deploy.0 = Debug|x86
		{F6F5B28E-CD4B-4497-A071-61B99CFCE08C}.Release|Any CPU.ActiveCfg = Release|x86
		{F6F5B28E-CD4B-4497-A071-61B99CFCE08C}.Release|Any CPU.Build.0 = Release|x86
		{F6F5B28E-CD4B-4497-A071-61B99CFCE08C}.Release|Any CPU.Deploy.0 = Release|x86
		{F6F5B28E-CD4B-4497-A071-61B99CFCE08C}.Release|ARM.ActiveCfg = Release|ARM
		{F6F5B28E-CD4B-4497-A071-61B99CFCE08C}.Release|ARM.Build.0 = Release|ARM
		{F6F5B28E-CD4B-4497-A071-61B99CFCE08C}.Release|ARM.Deploy.0 = Release|ARM
		{F6F5B28E-CD4B-4497-A071-61B99CFCE08C}.Release|iPhone.ActiveCfg = Release|x86
		{F6F5B28E-CD4B-4497-A071-61B99CFCE08C}.Release|iPhone.Build.0 = Release|x86
		{F6F5B28E-CD4B-4497-A071-61B99CFCE08C}.Release|iPhone.Deploy.0 = Release|x86
		{F6F5B28E-CD4B-4497-A071-61B99CFCE08C}.Release|iPhoneSimulator.ActiveCfg = Release|x86
		{F6F5B28E-CD4B-4497-A071-61B99CFCE08C}.Release|iPhoneSimulator.Build.0 = Release|x86
		{F6F5B28E-CD4B-4497-A071-61B99CFCE08C}.Release|iPhoneSimulator.Deploy.0 = Release|x86
		{F6F5B28E-CD4B-4497-A071-61B99CFCE08C}.Release|x64.ActiveCfg = Release|x64
		{F6F5B28E-CD4B-4497-A071-61B99CFCE08C}.Release|x64.Build.0 = Release|x64
		{F6F5B28E-CD4B-4497-A071-61B99CFCE08C}.Release|x64.Deploy.0 = Release|x64
		{F6F5B28E-CD4B-4497-A071-61B99CFCE08C}.Release|x86.ActiveCfg = Release|x86
		{F6F5B28E-CD4B-4497-A071-61B99CFCE08C}.Release|x86.Build.0 = Release|x86
		{F6F5B28E-CD4B-4497-A071-61B99CFCE08C}.Release|x86.Deploy.0 = Release|x86
		{1FA16BB7-B209-4346-AE8B-4AFC3A92C8F4}.Debug|Any CPU.ActiveCfg = Debug|Any CPU
		{1FA16BB7-B209-4346-AE8B-4AFC3A92C8F4}.Debug|Any CPU.Build.0 = Debug|Any CPU
		{1FA16BB7-B209-4346-AE8B-4AFC3A92C8F4}.Debug|Any CPU.Deploy.0 = Debug|Any CPU
		{1FA16BB7-B209-4346-AE8B-4AFC3A92C8F4}.Debug|ARM.ActiveCfg = Debug|Any CPU
		{1FA16BB7-B209-4346-AE8B-4AFC3A92C8F4}.Debug|ARM.Build.0 = Debug|Any CPU
		{1FA16BB7-B209-4346-AE8B-4AFC3A92C8F4}.Debug|ARM.Deploy.0 = Debug|Any CPU
		{1FA16BB7-B209-4346-AE8B-4AFC3A92C8F4}.Debug|iPhone.ActiveCfg = Debug|Any CPU
		{1FA16BB7-B209-4346-AE8B-4AFC3A92C8F4}.Debug|iPhone.Build.0 = Debug|Any CPU
		{1FA16BB7-B209-4346-AE8B-4AFC3A92C8F4}.Debug|iPhone.Deploy.0 = Debug|Any CPU
		{1FA16BB7-B209-4346-AE8B-4AFC3A92C8F4}.Debug|iPhoneSimulator.ActiveCfg = Debug|Any CPU
		{1FA16BB7-B209-4346-AE8B-4AFC3A92C8F4}.Debug|iPhoneSimulator.Build.0 = Debug|Any CPU
		{1FA16BB7-B209-4346-AE8B-4AFC3A92C8F4}.Debug|iPhoneSimulator.Deploy.0 = Debug|Any CPU
		{1FA16BB7-B209-4346-AE8B-4AFC3A92C8F4}.Debug|x64.ActiveCfg = Debug|Any CPU
		{1FA16BB7-B209-4346-AE8B-4AFC3A92C8F4}.Debug|x64.Build.0 = Debug|Any CPU
		{1FA16BB7-B209-4346-AE8B-4AFC3A92C8F4}.Debug|x64.Deploy.0 = Debug|Any CPU
		{1FA16BB7-B209-4346-AE8B-4AFC3A92C8F4}.Debug|x86.ActiveCfg = Debug|Any CPU
		{1FA16BB7-B209-4346-AE8B-4AFC3A92C8F4}.Debug|x86.Build.0 = Debug|Any CPU
		{1FA16BB7-B209-4346-AE8B-4AFC3A92C8F4}.Debug|x86.Deploy.0 = Debug|Any CPU
		{1FA16BB7-B209-4346-AE8B-4AFC3A92C8F4}.Release|Any CPU.ActiveCfg = Release|Any CPU
		{1FA16BB7-B209-4346-AE8B-4AFC3A92C8F4}.Release|Any CPU.Build.0 = Release|Any CPU
		{1FA16BB7-B209-4346-AE8B-4AFC3A92C8F4}.Release|Any CPU.Deploy.0 = Release|Any CPU
		{1FA16BB7-B209-4346-AE8B-4AFC3A92C8F4}.Release|ARM.ActiveCfg = Release|Any CPU
		{1FA16BB7-B209-4346-AE8B-4AFC3A92C8F4}.Release|ARM.Build.0 = Release|Any CPU
		{1FA16BB7-B209-4346-AE8B-4AFC3A92C8F4}.Release|ARM.Deploy.0 = Release|Any CPU
		{1FA16BB7-B209-4346-AE8B-4AFC3A92C8F4}.Release|iPhone.ActiveCfg = Release|Any CPU
		{1FA16BB7-B209-4346-AE8B-4AFC3A92C8F4}.Release|iPhone.Build.0 = Release|Any CPU
		{1FA16BB7-B209-4346-AE8B-4AFC3A92C8F4}.Release|iPhone.Deploy.0 = Release|Any CPU
		{1FA16BB7-B209-4346-AE8B-4AFC3A92C8F4}.Release|iPhoneSimulator.ActiveCfg = Release|Any CPU
		{1FA16BB7-B209-4346-AE8B-4AFC3A92C8F4}.Release|iPhoneSimulator.Build.0 = Release|Any CPU
		{1FA16BB7-B209-4346-AE8B-4AFC3A92C8F4}.Release|iPhoneSimulator.Deploy.0 = Release|Any CPU
		{1FA16BB7-B209-4346-AE8B-4AFC3A92C8F4}.Release|x64.ActiveCfg = Release|Any CPU
		{1FA16BB7-B209-4346-AE8B-4AFC3A92C8F4}.Release|x64.Build.0 = Release|Any CPU
		{1FA16BB7-B209-4346-AE8B-4AFC3A92C8F4}.Release|x64.Deploy.0 = Release|Any CPU
		{1FA16BB7-B209-4346-AE8B-4AFC3A92C8F4}.Release|x86.ActiveCfg = Release|Any CPU
		{1FA16BB7-B209-4346-AE8B-4AFC3A92C8F4}.Release|x86.Build.0 = Release|Any CPU
		{1FA16BB7-B209-4346-AE8B-4AFC3A92C8F4}.Release|x86.Deploy.0 = Release|Any CPU
		{470D1577-3C9C-4672-8C17-85CC20777634}.Debug|Any CPU.ActiveCfg = Debug|iPhone
		{470D1577-3C9C-4672-8C17-85CC20777634}.Debug|Any CPU.Build.0 = Debug|iPhone
		{470D1577-3C9C-4672-8C17-85CC20777634}.Debug|Any CPU.Deploy.0 = Debug|iPhone
		{470D1577-3C9C-4672-8C17-85CC20777634}.Debug|ARM.ActiveCfg = Debug|iPhoneSimulator
		{470D1577-3C9C-4672-8C17-85CC20777634}.Debug|ARM.Build.0 = Debug|iPhoneSimulator
		{470D1577-3C9C-4672-8C17-85CC20777634}.Debug|ARM.Deploy.0 = Debug|iPhoneSimulator
		{470D1577-3C9C-4672-8C17-85CC20777634}.Debug|iPhone.ActiveCfg = Debug|iPhone
		{470D1577-3C9C-4672-8C17-85CC20777634}.Debug|iPhone.Build.0 = Debug|iPhone
		{470D1577-3C9C-4672-8C17-85CC20777634}.Debug|iPhone.Deploy.0 = Debug|iPhone
		{470D1577-3C9C-4672-8C17-85CC20777634}.Debug|iPhoneSimulator.ActiveCfg = Debug|iPhoneSimulator
		{470D1577-3C9C-4672-8C17-85CC20777634}.Debug|iPhoneSimulator.Build.0 = Debug|iPhoneSimulator
		{470D1577-3C9C-4672-8C17-85CC20777634}.Debug|iPhoneSimulator.Deploy.0 = Debug|iPhoneSimulator
		{470D1577-3C9C-4672-8C17-85CC20777634}.Debug|x64.ActiveCfg = Debug|iPhone
		{470D1577-3C9C-4672-8C17-85CC20777634}.Debug|x64.Build.0 = Debug|iPhone
		{470D1577-3C9C-4672-8C17-85CC20777634}.Debug|x64.Deploy.0 = Debug|iPhone
		{470D1577-3C9C-4672-8C17-85CC20777634}.Debug|x86.ActiveCfg = Debug|iPhone
		{470D1577-3C9C-4672-8C17-85CC20777634}.Debug|x86.Build.0 = Debug|iPhone
		{470D1577-3C9C-4672-8C17-85CC20777634}.Debug|x86.Deploy.0 = Debug|iPhone
		{470D1577-3C9C-4672-8C17-85CC20777634}.Release|Any CPU.ActiveCfg = Release|iPhone
		{470D1577-3C9C-4672-8C17-85CC20777634}.Release|Any CPU.Build.0 = Release|iPhone
		{470D1577-3C9C-4672-8C17-85CC20777634}.Release|Any CPU.Deploy.0 = Release|iPhone
		{470D1577-3C9C-4672-8C17-85CC20777634}.Release|ARM.ActiveCfg = Release|iPhone
		{470D1577-3C9C-4672-8C17-85CC20777634}.Release|ARM.Build.0 = Release|iPhone
		{470D1577-3C9C-4672-8C17-85CC20777634}.Release|ARM.Deploy.0 = Release|iPhone
		{470D1577-3C9C-4672-8C17-85CC20777634}.Release|iPhone.ActiveCfg = Release|iPhone
		{470D1577-3C9C-4672-8C17-85CC20777634}.Release|iPhone.Build.0 = Release|iPhone
		{470D1577-3C9C-4672-8C17-85CC20777634}.Release|iPhone.Deploy.0 = Release|iPhone
		{470D1577-3C9C-4672-8C17-85CC20777634}.Release|iPhoneSimulator.ActiveCfg = Release|iPhoneSimulator
		{470D1577-3C9C-4672-8C17-85CC20777634}.Release|iPhoneSimulator.Build.0 = Release|iPhoneSimulator
		{470D1577-3C9C-4672-8C17-85CC20777634}.Release|iPhoneSimulator.Deploy.0 = Release|iPhoneSimulator
		{470D1577-3C9C-4672-8C17-85CC20777634}.Release|x64.ActiveCfg = Release|iPhone
		{470D1577-3C9C-4672-8C17-85CC20777634}.Release|x64.Build.0 = Release|iPhone
		{470D1577-3C9C-4672-8C17-85CC20777634}.Release|x64.Deploy.0 = Release|iPhone
		{470D1577-3C9C-4672-8C17-85CC20777634}.Release|x86.ActiveCfg = Release|iPhone
		{470D1577-3C9C-4672-8C17-85CC20777634}.Release|x86.Build.0 = Release|iPhone
		{470D1577-3C9C-4672-8C17-85CC20777634}.Release|x86.Deploy.0 = Release|iPhone
		{490B7D94-A746-4511-AAAE-6D5D479E13B3}.Debug|Any CPU.ActiveCfg = Debug|Any CPU
		{490B7D94-A746-4511-AAAE-6D5D479E13B3}.Debug|Any CPU.Build.0 = Debug|Any CPU
		{490B7D94-A746-4511-AAAE-6D5D479E13B3}.Debug|Any CPU.Deploy.0 = Debug|Any CPU
		{490B7D94-A746-4511-AAAE-6D5D479E13B3}.Debug|ARM.ActiveCfg = Debug|Any CPU
		{490B7D94-A746-4511-AAAE-6D5D479E13B3}.Debug|ARM.Build.0 = Debug|Any CPU
		{490B7D94-A746-4511-AAAE-6D5D479E13B3}.Debug|ARM.Deploy.0 = Debug|Any CPU
		{490B7D94-A746-4511-AAAE-6D5D479E13B3}.Debug|iPhone.ActiveCfg = Debug|Any CPU
		{490B7D94-A746-4511-AAAE-6D5D479E13B3}.Debug|iPhone.Build.0 = Debug|Any CPU
		{490B7D94-A746-4511-AAAE-6D5D479E13B3}.Debug|iPhone.Deploy.0 = Debug|Any CPU
		{490B7D94-A746-4511-AAAE-6D5D479E13B3}.Debug|iPhoneSimulator.ActiveCfg = Debug|Any CPU
		{490B7D94-A746-4511-AAAE-6D5D479E13B3}.Debug|iPhoneSimulator.Build.0 = Debug|Any CPU
		{490B7D94-A746-4511-AAAE-6D5D479E13B3}.Debug|iPhoneSimulator.Deploy.0 = Debug|Any CPU
		{490B7D94-A746-4511-AAAE-6D5D479E13B3}.Debug|x64.ActiveCfg = Debug|Any CPU
		{490B7D94-A746-4511-AAAE-6D5D479E13B3}.Debug|x64.Build.0 = Debug|Any CPU
		{490B7D94-A746-4511-AAAE-6D5D479E13B3}.Debug|x64.Deploy.0 = Debug|Any CPU
		{490B7D94-A746-4511-AAAE-6D5D479E13B3}.Debug|x86.ActiveCfg = Debug|Any CPU
		{490B7D94-A746-4511-AAAE-6D5D479E13B3}.Debug|x86.Build.0 = Debug|Any CPU
		{490B7D94-A746-4511-AAAE-6D5D479E13B3}.Debug|x86.Deploy.0 = Debug|Any CPU
		{490B7D94-A746-4511-AAAE-6D5D479E13B3}.Release|Any CPU.ActiveCfg = Release|Any CPU
		{490B7D94-A746-4511-AAAE-6D5D479E13B3}.Release|Any CPU.Build.0 = Release|Any CPU
		{490B7D94-A746-4511-AAAE-6D5D479E13B3}.Release|Any CPU.Deploy.0 = Release|Any CPU
		{490B7D94-A746-4511-AAAE-6D5D479E13B3}.Release|ARM.ActiveCfg = Release|Any CPU
		{490B7D94-A746-4511-AAAE-6D5D479E13B3}.Release|ARM.Build.0 = Release|Any CPU
		{490B7D94-A746-4511-AAAE-6D5D479E13B3}.Release|ARM.Deploy.0 = Release|Any CPU
		{490B7D94-A746-4511-AAAE-6D5D479E13B3}.Release|iPhone.ActiveCfg = Release|Any CPU
		{490B7D94-A746-4511-AAAE-6D5D479E13B3}.Release|iPhone.Build.0 = Release|Any CPU
		{490B7D94-A746-4511-AAAE-6D5D479E13B3}.Release|iPhone.Deploy.0 = Release|Any CPU
		{490B7D94-A746-4511-AAAE-6D5D479E13B3}.Release|iPhoneSimulator.ActiveCfg = Release|Any CPU
		{490B7D94-A746-4511-AAAE-6D5D479E13B3}.Release|iPhoneSimulator.Build.0 = Release|Any CPU
		{490B7D94-A746-4511-AAAE-6D5D479E13B3}.Release|iPhoneSimulator.Deploy.0 = Release|Any CPU
		{490B7D94-A746-4511-AAAE-6D5D479E13B3}.Release|x64.ActiveCfg = Release|Any CPU
		{490B7D94-A746-4511-AAAE-6D5D479E13B3}.Release|x64.Build.0 = Release|Any CPU
		{490B7D94-A746-4511-AAAE-6D5D479E13B3}.Release|x64.Deploy.0 = Release|Any CPU
		{490B7D94-A746-4511-AAAE-6D5D479E13B3}.Release|x86.ActiveCfg = Release|Any CPU
		{490B7D94-A746-4511-AAAE-6D5D479E13B3}.Release|x86.Build.0 = Release|Any CPU
		{490B7D94-A746-4511-AAAE-6D5D479E13B3}.Release|x86.Deploy.0 = Release|Any CPU
	EndGlobalSection
	GlobalSection(SolutionProperties) = preSolution
		HideSolutionNode = FALSE
	EndGlobalSection
	GlobalSection(ExtensibilityGlobals) = postSolution
		SolutionGuid = {6A1585FB-05F4-4BB1-B97C-471B58332FB3}
	EndGlobalSection
EndGlobal
